
Microsoft Visual Studio Solution File, Format Version 12.00
# Visual Studio Version 16
VisualStudioVersion = 16.0.33027.164
MinimumVisualStudioVersion = 10.0.40219.1
Project("{FAE04EC0-301F-11D3-BF4B-00C04F79EFBC}") = "Init Encoders Falcon", "Init Encoders Falcon\Init Encoders Falcon.csproj", "{99BB615C-FDF3-4BCB-8E57-913EA6743BD1}"
EndProject
Global
	GlobalSection(SolutionConfigurationPlatforms) = preSolution
		Debug|Any CPU = Debug|Any CPU
		Release|Any CPU = Release|Any CPU
	EndGlobalSection
	GlobalSection(ProjectConfigurationPlatforms) = postSolution
		{99BB615C-FDF3-4BCB-8E57-913EA6743BD1}.Debug|Any CPU.ActiveCfg = Debug|Any CPU
		{99BB615C-FDF3-4BCB-8E57-913EA6743BD1}.Debug|Any CPU.Build.0 = Debug|Any CPU
		{99BB615C-FDF3-4BCB-8E57-913EA6743BD1}.Debug|Any CPU.Deploy.0 = Debug|Any CPU
		{99BB615C-FDF3-4BCB-8E57-913EA6743BD1}.Release|Any CPU.ActiveCfg = Release|Any CPU
		{99BB615C-FDF3-4BCB-8E57-913EA6743BD1}.Release|Any CPU.Build.0 = Release|Any CPU
		{99BB615C-FDF3-4BCB-8E57-913EA6743BD1}.Release|Any CPU.Deploy.0 = Release|Any CPU
	EndGlobalSection
	GlobalSection(SolutionProperties) = preSolution
		HideSolutionNode = FALSE
	EndGlobalSection
	GlobalSection(ExtensibilityGlobals) = postSolution
		SolutionGuid = {4BCADFB1-878D-4507-927F-A70F5D50260D}
	EndGlobalSection
EndGlobal
